
Microsoft Visual Studio Solution File, Format Version 12.00
# Visual Studio 2013
VisualStudioVersion = 12.0.40629.0
MinimumVisualStudioVersion = 10.0.40219.1
Project("{FAE04EC0-301F-11D3-BF4B-00C04F79EFBC}") = "TestPresenter", "TestPresenter\TestPresenter.csproj", "{1BFFE707-CF71-4DF0-8916-927286EE962E}"
EndProject
Project("{FAE04EC0-301F-11D3-BF4B-00C04F79EFBC}") = "EXP.Presenter", "EXP.Presenter\EXP.Presenter.csproj", "{9DEF92F8-8C23-4C60-97A2-B49B8A24CDFA}"
EndProject
Project("{FAE04EC0-301F-11D3-BF4B-00C04F79EFBC}") = "EXP.Metier", "EXP.Metier\EXP.Metier.csproj", "{F13B8E8B-5FC3-4BCC-BF3D-3E6D9F7070C7}"
EndProject
Project("{FAE04EC0-301F-11D3-BF4B-00C04F79EFBC}") = "EXP.Model", "EXP.Model\EXP.Model.csproj", "{159A6BC6-8D1C-456D-AB4F-46C4D9028ABC}"
EndProject
Project("{FAE04EC0-301F-11D3-BF4B-00C04F79EFBC}") = "EXP.Mapping", "EXP.Mapping\EXP.Mapping.csproj", "{8CF36E22-B3D7-423C-906E-C87646EE92D8}"
EndProject
Project("{FAE04EC0-301F-11D3-BF4B-00C04F79EFBC}") = "EXP.Service", "EXP.Service\EXP.Service.csproj", "{D00ABD36-EBB9-439D-9F78-7BC2D7912F13}"
EndProject
Project("{FAE04EC0-301F-11D3-BF4B-00C04F79EFBC}") = "TestPresenter_MVC.NET", "TestPresenter_MVC.NET\TestPresenter_MVC.NET.csproj", "{59BC7377-A21C-421B-A732-ECCD0193693B}"
EndProject
Project("{2150E333-8FDC-42A3-9474-1A3956D46DE8}") = "Database Script", "Database Script", "{A4995B0C-38EF-4784-A1AD-C179E28EE09D}"
	ProjectSection(SolutionItems) = preProject
		dbo.Contact = dbo.Contact
		README.txt = README.txt
	EndProjectSection
EndProject
Global
	GlobalSection(SolutionConfigurationPlatforms) = preSolution
		Debug|Any CPU = Debug|Any CPU
		Release|Any CPU = Release|Any CPU
	EndGlobalSection
	GlobalSection(ProjectConfigurationPlatforms) = postSolution
		{1BFFE707-CF71-4DF0-8916-927286EE962E}.Debug|Any CPU.ActiveCfg = Debug|Any CPU
		{1BFFE707-CF71-4DF0-8916-927286EE962E}.Debug|Any CPU.Build.0 = Debug|Any CPU
		{1BFFE707-CF71-4DF0-8916-927286EE962E}.Release|Any CPU.ActiveCfg = Release|Any CPU
		{1BFFE707-CF71-4DF0-8916-927286EE962E}.Release|Any CPU.Build.0 = Release|Any CPU
		{9DEF92F8-8C23-4C60-97A2-B49B8A24CDFA}.Debug|Any CPU.ActiveCfg = Debug|Any CPU
		{9DEF92F8-8C23-4C60-97A2-B49B8A24CDFA}.Debug|Any CPU.Build.0 = Debug|Any CPU
		{9DEF92F8-8C23-4C60-97A2-B49B8A24CDFA}.Release|Any CPU.ActiveCfg = Release|Any CPU
		{9DEF92F8-8C23-4C60-97A2-B49B8A24CDFA}.Release|Any CPU.Build.0 = Release|Any CPU
		{F13B8E8B-5FC3-4BCC-BF3D-3E6D9F7070C7}.Debug|Any CPU.ActiveCfg = Debug|Any CPU
		{F13B8E8B-5FC3-4BCC-BF3D-3E6D9F7070C7}.Debug|Any CPU.Build.0 = Debug|Any CPU
		{F13B8E8B-5FC3-4BCC-BF3D-3E6D9F7070C7}.Release|Any CPU.ActiveCfg = Release|Any CPU
		{F13B8E8B-5FC3-4BCC-BF3D-3E6D9F7070C7}.Release|Any CPU.Build.0 = Release|Any CPU
		{159A6BC6-8D1C-456D-AB4F-46C4D9028ABC}.Debug|Any CPU.ActiveCfg = Debug|Any CPU
		{159A6BC6-8D1C-456D-AB4F-46C4D9028ABC}.Debug|Any CPU.Build.0 = Debug|Any CPU
		{159A6BC6-8D1C-456D-AB4F-46C4D9028ABC}.Release|Any CPU.ActiveCfg = Release|Any CPU
		{159A6BC6-8D1C-456D-AB4F-46C4D9028ABC}.Release|Any CPU.Build.0 = Release|Any CPU
		{8CF36E22-B3D7-423C-906E-C87646EE92D8}.Debug|Any CPU.ActiveCfg = Debug|Any CPU
		{8CF36E22-B3D7-423C-906E-C87646EE92D8}.Debug|Any CPU.Build.0 = Debug|Any CPU
		{8CF36E22-B3D7-423C-906E-C87646EE92D8}.Release|Any CPU.ActiveCfg = Release|Any CPU
		{8CF36E22-B3D7-423C-906E-C87646EE92D8}.Release|Any CPU.Build.0 = Release|Any CPU
		{D00ABD36-EBB9-439D-9F78-7BC2D7912F13}.Debug|Any CPU.ActiveCfg = Debug|Any CPU
		{D00ABD36-EBB9-439D-9F78-7BC2D7912F13}.Debug|Any CPU.Build.0 = Debug|Any CPU
		{D00ABD36-EBB9-439D-9F78-7BC2D7912F13}.Release|Any CPU.ActiveCfg = Release|Any CPU
		{D00ABD36-EBB9-439D-9F78-7BC2D7912F13}.Release|Any CPU.Build.0 = Release|Any CPU
		{59BC7377-A21C-421B-A732-ECCD0193693B}.Debug|Any CPU.ActiveCfg = Debug|Any CPU
		{59BC7377-A21C-421B-A732-ECCD0193693B}.Debug|Any CPU.Build.0 = Debug|Any CPU
		{59BC7377-A21C-421B-A732-ECCD0193693B}.Release|Any CPU.ActiveCfg = Release|Any CPU
		{59BC7377-A21C-421B-A732-ECCD0193693B}.Release|Any CPU.Build.0 = Release|Any CPU
	EndGlobalSection
	GlobalSection(SolutionProperties) = preSolution
		HideSolutionNode = FALSE
	EndGlobalSection
EndGlobal
